
Microsoft Visual Studio Solution File, Format Version 12.00
# Visual Studio Version 17
VisualStudioVersion = 17.5.33530.505
MinimumVisualStudioVersion = 10.0.40219.1
Project("{FAE04EC0-301F-11D3-BF4B-00C04F79EFBC}") = "oboiParser", "oboiParser\oboiParser.csproj", "{DB9F40AA-90B1-4DE0-93F4-EEA8C5AE54C4}"
EndProject
Project("{FAE04EC0-301F-11D3-BF4B-00C04F79EFBC}") = "ParserLibrary", "..\RustanWinForm\ParserLibrary\ParserLibrary.csproj", "{4C3BFEE1-A1F4-433D-8916-C49E1B0B92E3}"
EndProject
Global
	GlobalSection(SolutionConfigurationPlatforms) = preSolution
		Debug|Any CPU = Debug|Any CPU
		Release|Any CPU = Release|Any CPU
	EndGlobalSection
	GlobalSection(ProjectConfigurationPlatforms) = postSolution
		{DB9F40AA-90B1-4DE0-93F4-EEA8C5AE54C4}.Debug|Any CPU.ActiveCfg = Debug|Any CPU
		{DB9F40AA-90B1-4DE0-93F4-EEA8C5AE54C4}.Debug|Any CPU.Build.0 = Debug|Any CPU
		{DB9F40AA-90B1-4DE0-93F4-EEA8C5AE54C4}.Release|Any CPU.ActiveCfg = Release|Any CPU
		{DB9F40AA-90B1-4DE0-93F4-EEA8C5AE54C4}.Release|Any CPU.Build.0 = Release|Any CPU
		{4C3BFEE1-A1F4-433D-8916-C49E1B0B92E3}.Debug|Any CPU.ActiveCfg = Debug|Any CPU
		{4C3BFEE1-A1F4-433D-8916-C49E1B0B92E3}.Debug|Any CPU.Build.0 = Debug|Any CPU
		{4C3BFEE1-A1F4-433D-8916-C49E1B0B92E3}.Release|Any CPU.ActiveCfg = Release|Any CPU
		{4C3BFEE1-A1F4-433D-8916-C49E1B0B92E3}.Release|Any CPU.Build.0 = Release|Any CPU
	EndGlobalSection
	GlobalSection(SolutionProperties) = preSolution
		HideSolutionNode = FALSE
	EndGlobalSection
	GlobalSection(ExtensibilityGlobals) = postSolution
		SolutionGuid = {1AB77DF5-43DD-4248-9151-52C608179AC3}
	EndGlobalSection
EndGlobal
